// !$*UTF8*$!
{
	archiveVersion = 1;
	classes = {
	};
	objectVersion = 46;
	objects = {

/* Begin PBXBuildFile section */
		59018B791EC2302000B31E1D /* AOGraphView.m in Sources */ = {isa = PBXBuildFile; fileRef = 59018B781EC2302000B31E1D /* AOGraphView.m */; };
		5903156D1EB608C600BE0623 /* CHCSVParser.m in Sources */ = {isa = PBXBuildFile; fileRef = 5903156C1EB608C600BE0623 /* CHCSVParser.m */; };
		5917B79B1EB60CF500AAD8CC /* AOSensorCell.m in Sources */ = {isa = PBXBuildFile; fileRef = 5917B79A1EB60CF500AAD8CC /* AOSensorCell.m */; };
		5917B7A11EB60E8900AAD8CC /* AOSensorViewController.m in Sources */ = {isa = PBXBuildFile; fileRef = 5917B7A01EB60E8900AAD8CC /* AOSensorViewController.m */; };
		5917B7A41EB6131000AAD8CC /* AOAddSensorViewController.m in Sources */ = {isa = PBXBuildFile; fileRef = 5917B7A31EB6131000AAD8CC /* AOAddSensorViewController.m */; };
		5917B7A71EB627FF00AAD8CC /* AOStorage.m in Sources */ = {isa = PBXBuildFile; fileRef = 5917B7A61EB627FF00AAD8CC /* AOStorage.m */; };
		5928BD731ECB2CB80062A842 /* housing.csv in Resources */ = {isa = PBXBuildFile; fileRef = 5928BD721ECB2CB80062A842 /* housing.csv */; };
		5928BD791ECB55D50062A842 /* YCML.framework in Frameworks */ = {isa = PBXBuildFile; fileRef = 5928BD781ECB55D50062A842 /* YCML.framework */; };
		5928BD7B1ECB55DA0062A842 /* YCMatrix.framework in Frameworks */ = {isa = PBXBuildFile; fileRef = 5928BD7A1ECB55DA0062A842 /* YCMatrix.framework */; };
		594B171A1E9CE6E600ABB072 /* tempData.csv in Resources */ = {isa = PBXBuildFile; fileRef = 594B17191E9CE6E600ABB072 /* tempData.csv */; };
		594B171C1E9CF58600ABB072 /* test.csv in Resources */ = {isa = PBXBuildFile; fileRef = 594B171B1E9CF58600ABB072 /* test.csv */; };
		59CAB4591DDC89C600D25FA6 /* main.m in Sources */ = {isa = PBXBuildFile; fileRef = 59CAB4581DDC89C600D25FA6 /* main.m */; };
		59CAB45C1DDC89C600D25FA6 /* AppDelegate.m in Sources */ = {isa = PBXBuildFile; fileRef = 59CAB45B1DDC89C600D25FA6 /* AppDelegate.m */; };
		59CAB45F1DDC89C600D25FA6 /* AODiscoverViewController.m in Sources */ = {isa = PBXBuildFile; fileRef = 59CAB45E1DDC89C600D25FA6 /* AODiscoverViewController.m */; };
		59CAB4621DDC89C600D25FA6 /* Main.storyboard in Resources */ = {isa = PBXBuildFile; fileRef = 59CAB4601DDC89C600D25FA6 /* Main.storyboard */; };
		59CAB4641DDC89C600D25FA6 /* Assets.xcassets in Resources */ = {isa = PBXBuildFile; fileRef = 59CAB4631DDC89C600D25FA6 /* Assets.xcassets */; };
		59CAB4671DDC89C600D25FA6 /* LaunchScreen.storyboard in Resources */ = {isa = PBXBuildFile; fileRef = 59CAB4651DDC89C600D25FA6 /* LaunchScreen.storyboard */; };
		59EFB4F31DDCA64A00FCB54A /* AOPlotViewController.m in Sources */ = {isa = PBXBuildFile; fileRef = 59EFB4F21DDCA64A00FCB54A /* AOPlotViewController.m */; };
		C3A600CC1EB5F736002D0736 /* AOSensor.m in Sources */ = {isa = PBXBuildFile; fileRef = C3A600CB1EB5F736002D0736 /* AOSensor.m */; };
		C9645DA9482FB38C7D48EB82 /* libPods-KBTU_SCADA.a in Frameworks */ = {isa = PBXBuildFile; fileRef = 1EBFBBD56DD117A91F7CB432 /* libPods-KBTU_SCADA.a */; };
/* End PBXBuildFile section */

/* Begin PBXCopyFilesBuildPhase section */
		590315671EB6084C00BE0623 /* Embed Frameworks */ = {
			isa = PBXCopyFilesBuildPhase;
			buildActionMask = 2147483647;
			dstPath = "";
			dstSubfolderSpec = 10;
			files = (
			);
			name = "Embed Frameworks";
			runOnlyForDeploymentPostprocessing = 0;
		};
/* End PBXCopyFilesBuildPhase section */

/* Begin PBXFileReference section */
		1EBFBBD56DD117A91F7CB432 /* libPods-KBTU_SCADA.a */ = {isa = PBXFileReference; explicitFileType = archive.ar; includeInIndex = 0; path = "libPods-KBTU_SCADA.a"; sourceTree = BUILT_PRODUCTS_DIR; };
		59018B771EC2302000B31E1D /* AOGraphView.h */ = {isa = PBXFileReference; fileEncoding = 4; lastKnownFileType = sourcecode.c.h; path = AOGraphView.h; sourceTree = "<group>"; };
		59018B781EC2302000B31E1D /* AOGraphView.m */ = {isa = PBXFileReference; fileEncoding = 4; lastKnownFileType = sourcecode.c.objc; path = AOGraphView.m; sourceTree = "<group>"; };
		5903156B1EB608C600BE0623 /* CHCSVParser.h */ = {isa = PBXFileReference; fileEncoding = 4; lastKnownFileType = sourcecode.c.h; path = CHCSVParser.h; sourceTree = "<group>"; };
		5903156C1EB608C600BE0623 /* CHCSVParser.m */ = {isa = PBXFileReference; fileEncoding = 4; lastKnownFileType = sourcecode.c.objc; path = CHCSVParser.m; sourceTree = "<group>"; };
		5917B7961EB60A6B00AAD8CC /* Constants.h */ = {isa = PBXFileReference; fileEncoding = 4; lastKnownFileType = sourcecode.c.h; path = Constants.h; sourceTree = "<group>"; };
		5917B7991EB60CF500AAD8CC /* AOSensorCell.h */ = {isa = PBXFileReference; fileEncoding = 4; lastKnownFileType = sourcecode.c.h; path = AOSensorCell.h; sourceTree = "<group>"; };
		5917B79A1EB60CF500AAD8CC /* AOSensorCell.m */ = {isa = PBXFileReference; fileEncoding = 4; lastKnownFileType = sourcecode.c.objc; path = AOSensorCell.m; sourceTree = "<group>"; };
		5917B79F1EB60E8900AAD8CC /* AOSensorViewController.h */ = {isa = PBXFileReference; fileEncoding = 4; lastKnownFileType = sourcecode.c.h; name = AOSensorViewController.h; path = Assets.xcassets/AOSensorViewController.h; sourceTree = "<group>"; };
		5917B7A01EB60E8900AAD8CC /* AOSensorViewController.m */ = {isa = PBXFileReference; fileEncoding = 4; lastKnownFileType = sourcecode.c.objc; name = AOSensorViewController.m; path = Assets.xcassets/AOSensorViewController.m; sourceTree = "<group>"; };
		5917B7A21EB6131000AAD8CC /* AOAddSensorViewController.h */ = {isa = PBXFileReference; fileEncoding = 4; lastKnownFileType = sourcecode.c.h; path = AOAddSensorViewController.h; sourceTree = "<group>"; };
		5917B7A31EB6131000AAD8CC /* AOAddSensorViewController.m */ = {isa = PBXFileReference; fileEncoding = 4; lastKnownFileType = sourcecode.c.objc; path = AOAddSensorViewController.m; sourceTree = "<group>"; };
		5917B7A51EB627FF00AAD8CC /* AOStorage.h */ = {isa = PBXFileReference; fileEncoding = 4; lastKnownFileType = sourcecode.c.h; path = AOStorage.h; sourceTree = "<group>"; };
		5917B7A61EB627FF00AAD8CC /* AOStorage.m */ = {isa = PBXFileReference; fileEncoding = 4; lastKnownFileType = sourcecode.c.objc; path = AOStorage.m; sourceTree = "<group>"; };
		5928BD721ECB2CB80062A842 /* housing.csv */ = {isa = PBXFileReference; fileEncoding = 4; lastKnownFileType = text; path = housing.csv; sourceTree = "<group>"; };
		5928BD781ECB55D50062A842 /* YCML.framework */ = {isa = PBXFileReference; lastKnownFileType = wrapper.framework; name = YCML.framework; path = "../../../../../Library/Developer/Xcode/DerivedData/KBTU_SCADA-haipojvzkqipxdefggmelbybjoze/Build/Products/Debug-iphoneos/YCML.framework"; sourceTree = "<group>"; };
		5928BD7A1ECB55DA0062A842 /* YCMatrix.framework */ = {isa = PBXFileReference; lastKnownFileType = wrapper.framework; name = YCMatrix.framework; path = "../../../../../Library/Developer/Xcode/DerivedData/KBTU_SCADA-haipojvzkqipxdefggmelbybjoze/Build/Products/Debug-iphoneos/YCMatrix.framework"; sourceTree = "<group>"; };
		594B16FF1E9CCCC600ABB072 /* XCTest.framework */ = {isa = PBXFileReference; lastKnownFileType = wrapper.framework; name = XCTest.framework; path = Platforms/iPhoneOS.platform/Developer/Library/Frameworks/XCTest.framework; sourceTree = DEVELOPER_DIR; };
		594B17191E9CE6E600ABB072 /* tempData.csv */ = {isa = PBXFileReference; fileEncoding = 4; lastKnownFileType = text; name = tempData.csv; path = ../../../python/tempData.csv; sourceTree = "<group>"; };
		594B171B1E9CF58600ABB072 /* test.csv */ = {isa = PBXFileReference; fileEncoding = 4; lastKnownFileType = text; name = test.csv; path = ../../../python/test.csv; sourceTree = "<group>"; };
		59CAB4541DDC89C600D25FA6 /* KBTU_SCADA.app */ = {isa = PBXFileReference; explicitFileType = wrapper.application; includeInIndex = 0; path = KBTU_SCADA.app; sourceTree = BUILT_PRODUCTS_DIR; };
		59CAB4581DDC89C600D25FA6 /* main.m */ = {isa = PBXFileReference; lastKnownFileType = sourcecode.c.objc; path = main.m; sourceTree = "<group>"; };
		59CAB45A1DDC89C600D25FA6 /* AppDelegate.h */ = {isa = PBXFileReference; lastKnownFileType = sourcecode.c.h; path = AppDelegate.h; sourceTree = "<group>"; };
		59CAB45B1DDC89C600D25FA6 /* AppDelegate.m */ = {isa = PBXFileReference; lastKnownFileType = sourcecode.c.objc; path = AppDelegate.m; sourceTree = "<group>"; };
		59CAB45D1DDC89C600D25FA6 /* AODiscoverViewController.h */ = {isa = PBXFileReference; lastKnownFileType = sourcecode.c.h; path = AODiscoverViewController.h; sourceTree = "<group>"; };
		59CAB45E1DDC89C600D25FA6 /* AODiscoverViewController.m */ = {isa = PBXFileReference; lastKnownFileType = sourcecode.c.objc; path = AODiscoverViewController.m; sourceTree = "<group>"; };
		59CAB4611DDC89C600D25FA6 /* Base */ = {isa = PBXFileReference; lastKnownFileType = file.storyboard; name = Base; path = Base.lproj/Main.storyboard; sourceTree = "<group>"; };
		59CAB4631DDC89C600D25FA6 /* Assets.xcassets */ = {isa = PBXFileReference; lastKnownFileType = folder.assetcatalog; path = Assets.xcassets; sourceTree = "<group>"; };
		59CAB4661DDC89C600D25FA6 /* Base */ = {isa = PBXFileReference; lastKnownFileType = file.storyboard; name = Base; path = Base.lproj/LaunchScreen.storyboard; sourceTree = "<group>"; };
		59CAB4681DDC89C600D25FA6 /* Info.plist */ = {isa = PBXFileReference; lastKnownFileType = text.plist.xml; path = Info.plist; sourceTree = "<group>"; };
		59EFB4F11DDCA64A00FCB54A /* AOPlotViewController.h */ = {isa = PBXFileReference; fileEncoding = 4; lastKnownFileType = sourcecode.c.h; path = AOPlotViewController.h; sourceTree = "<group>"; };
		59EFB4F21DDCA64A00FCB54A /* AOPlotViewController.m */ = {isa = PBXFileReference; fileEncoding = 4; lastKnownFileType = sourcecode.c.objc; path = AOPlotViewController.m; sourceTree = "<group>"; };
		C3A600CA1EB5F736002D0736 /* AOSensor.h */ = {isa = PBXFileReference; fileEncoding = 4; lastKnownFileType = sourcecode.c.h; path = AOSensor.h; sourceTree = "<group>"; };
		C3A600CB1EB5F736002D0736 /* AOSensor.m */ = {isa = PBXFileReference; fileEncoding = 4; lastKnownFileType = sourcecode.c.objc; path = AOSensor.m; sourceTree = "<group>"; };
		C66FBB5BE8AB5EA803DD7230 /* Pods-KBTU_SCADA.release.xcconfig */ = {isa = PBXFileReference; includeInIndex = 1; lastKnownFileType = text.xcconfig; name = "Pods-KBTU_SCADA.release.xcconfig"; path = "Pods/Target Support Files/Pods-KBTU_SCADA/Pods-KBTU_SCADA.release.xcconfig"; sourceTree = "<group>"; };
		F78CB1A0F7741A1D1BF59ADC /* Pods-KBTU_SCADA.debug.xcconfig */ = {isa = PBXFileReference; includeInIndex = 1; lastKnownFileType = text.xcconfig; name = "Pods-KBTU_SCADA.debug.xcconfig"; path = "Pods/Target Support Files/Pods-KBTU_SCADA/Pods-KBTU_SCADA.debug.xcconfig"; sourceTree = "<group>"; };
/* End PBXFileReference section */

/* Begin PBXFrameworksBuildPhase section */
		59CAB4511DDC89C600D25FA6 /* Frameworks */ = {
			isa = PBXFrameworksBuildPhase;
			buildActionMask = 2147483647;
			files = (
				5928BD7B1ECB55DA0062A842 /* YCMatrix.framework in Frameworks */,
				5928BD791ECB55D50062A842 /* YCML.framework in Frameworks */,
				C9645DA9482FB38C7D48EB82 /* libPods-KBTU_SCADA.a in Frameworks */,
			);
			runOnlyForDeploymentPostprocessing = 0;
		};
/* End PBXFrameworksBuildPhase section */

/* Begin PBXGroup section */
		475CB06864CAC698C13CA170 /* Pods */ = {
			isa = PBXGroup;
			children = (
				F78CB1A0F7741A1D1BF59ADC /* Pods-KBTU_SCADA.debug.xcconfig */,
				C66FBB5BE8AB5EA803DD7230 /* Pods-KBTU_SCADA.release.xcconfig */,
			);
			name = Pods;
			sourceTree = "<group>";
		};
		592E9AFF1E9E9E98008F5CB1 /* Models */ = {
			isa = PBXGroup;
			children = (
				C3A600CA1EB5F736002D0736 /* AOSensor.h */,
				C3A600CB1EB5F736002D0736 /* AOSensor.m */,
				5917B7A51EB627FF00AAD8CC /* AOStorage.h */,
				5917B7A61EB627FF00AAD8CC /* AOStorage.m */,
			);
			name = Models;
			sourceTree = "<group>";
		};
		592E9B001E9E9E9C008F5CB1 /* Views */ = {
			isa = PBXGroup;
			children = (
				5917B7991EB60CF500AAD8CC /* AOSensorCell.h */,
				5917B79A1EB60CF500AAD8CC /* AOSensorCell.m */,
				59018B771EC2302000B31E1D /* AOGraphView.h */,
				59018B781EC2302000B31E1D /* AOGraphView.m */,
			);
			name = Views;
			sourceTree = "<group>";
		};
		592E9B011E9E9EA0008F5CB1 /* Controllers */ = {
			isa = PBXGroup;
			children = (
				59CAB45D1DDC89C600D25FA6 /* AODiscoverViewController.h */,
				59CAB45E1DDC89C600D25FA6 /* AODiscoverViewController.m */,
				59EFB4F11DDCA64A00FCB54A /* AOPlotViewController.h */,
				59EFB4F21DDCA64A00FCB54A /* AOPlotViewController.m */,
				5917B79F1EB60E8900AAD8CC /* AOSensorViewController.h */,
				5917B7A01EB60E8900AAD8CC /* AOSensorViewController.m */,
				5917B7A21EB6131000AAD8CC /* AOAddSensorViewController.h */,
				5917B7A31EB6131000AAD8CC /* AOAddSensorViewController.m */,
			);
			name = Controllers;
			sourceTree = "<group>";
		};
		59CAB44B1DDC89C600D25FA6 = {
			isa = PBXGroup;
			children = (
				59CAB4561DDC89C600D25FA6 /* KBTU_SCADA */,
				59CAB4551DDC89C600D25FA6 /* Products */,
				475CB06864CAC698C13CA170 /* Pods */,
				5AA653BA9A4F927E7C175962 /* Frameworks */,
			);
			sourceTree = "<group>";
		};
		59CAB4551DDC89C600D25FA6 /* Products */ = {
			isa = PBXGroup;
			children = (
				59CAB4541DDC89C600D25FA6 /* KBTU_SCADA.app */,
			);
			name = Products;
			sourceTree = "<group>";
		};
		59CAB4561DDC89C600D25FA6 /* KBTU_SCADA */ = {
			isa = PBXGroup;
			children = (
				592E9AFF1E9E9E98008F5CB1 /* Models */,
				592E9B001E9E9E9C008F5CB1 /* Views */,
				592E9B011E9E9EA0008F5CB1 /* Controllers */,
				59CAB4571DDC89C600D25FA6 /* Supporting Files */,
				59CAB45A1DDC89C600D25FA6 /* AppDelegate.h */,
				59CAB45B1DDC89C600D25FA6 /* AppDelegate.m */,
				59CAB4601DDC89C600D25FA6 /* Main.storyboard */,
				59CAB4631DDC89C600D25FA6 /* Assets.xcassets */,
				59CAB4651DDC89C600D25FA6 /* LaunchScreen.storyboard */,
				59CAB4681DDC89C600D25FA6 /* Info.plist */,
			);
			path = KBTU_SCADA;
			sourceTree = "<group>";
		};
		59CAB4571DDC89C600D25FA6 /* Supporting Files */ = {
			isa = PBXGroup;
			children = (
				5917B7961EB60A6B00AAD8CC /* Constants.h */,
				5903156B1EB608C600BE0623 /* CHCSVParser.h */,
				5903156C1EB608C600BE0623 /* CHCSVParser.m */,
				594B17191E9CE6E600ABB072 /* tempData.csv */,
				594B171B1E9CF58600ABB072 /* test.csv */,
				5928BD721ECB2CB80062A842 /* housing.csv */,
				59CAB4581DDC89C600D25FA6 /* main.m */,
			);
			name = "Supporting Files";
			sourceTree = "<group>";
		};
		5AA653BA9A4F927E7C175962 /* Frameworks */ = {
			isa = PBXGroup;
			children = (
				5928BD7A1ECB55DA0062A842 /* YCMatrix.framework */,
				5928BD781ECB55D50062A842 /* YCML.framework */,
				594B16FF1E9CCCC600ABB072 /* XCTest.framework */,
				1EBFBBD56DD117A91F7CB432 /* libPods-KBTU_SCADA.a */,
			);
			name = Frameworks;
			sourceTree = "<group>";
		};
/* End PBXGroup section */

/* Begin PBXNativeTarget section */
		59CAB4531DDC89C600D25FA6 /* KBTU_SCADA */ = {
			isa = PBXNativeTarget;
			buildConfigurationList = 59CAB46B1DDC89C600D25FA6 /* Build configuration list for PBXNativeTarget "KBTU_SCADA" */;
			buildPhases = (
				2FECBF996BF9B618B94C3C63 /* 📦 Check Pods Manifest.lock */,
				A85614EF5FDD49C5F966EC6A /* [CP] Check Pods Manifest.lock */,
				052F1F0F503C224A51B32B36 /* [CP] Check Pods Manifest.lock */,
				CC0E9072A6F27209BF1180AD /* [CP] Check Pods Manifest.lock */,
				59CAB4501DDC89C600D25FA6 /* Sources */,
				59CAB4511DDC89C600D25FA6 /* Frameworks */,
				59CAB4521DDC89C600D25FA6 /* Resources */,
				1EFED30498ED5AD6645032F9 /* [CP] Embed Pods Frameworks */,
				0410936867A298A70E09A97C /* [CP] Copy Pods Resources */,
				04BBE5479F5B39A1E570656A /* 📦 Embed Pods Frameworks */,
				31BB5F8827566C0FEF84D55B /* 📦 Copy Pods Resources */,
				590315671EB6084C00BE0623 /* Embed Frameworks */,
			);
			buildRules = (
			);
			dependencies = (
			);
			name = KBTU_SCADA;
			productName = KBTU_SCADA;
			productReference = 59CAB4541DDC89C600D25FA6 /* KBTU_SCADA.app */;
			productType = "com.apple.product-type.application";
		};
/* End PBXNativeTarget section */

/* Begin PBXProject section */
		59CAB44C1DDC89C600D25FA6 /* Project object */ = {
			isa = PBXProject;
			attributes = {
				LastUpgradeCheck = 0810;
				ORGANIZATIONNAME = A_Orumbayev;
				TargetAttributes = {
					59CAB4531DDC89C600D25FA6 = {
						CreatedOnToolsVersion = 8.1;
						DevelopmentTeam = XNM36GWK3G;
						ProvisioningStyle = Automatic;
					};
				};
			};
			buildConfigurationList = 59CAB44F1DDC89C600D25FA6 /* Build configuration list for PBXProject "KBTU_SCADA" */;
			compatibilityVersion = "Xcode 3.2";
			developmentRegion = English;
			hasScannedForEncodings = 0;
			knownRegions = (
				en,
				Base,
			);
			mainGroup = 59CAB44B1DDC89C600D25FA6;
			productRefGroup = 59CAB4551DDC89C600D25FA6 /* Products */;
			projectDirPath = "";
			projectRoot = "";
			targets = (
				59CAB4531DDC89C600D25FA6 /* KBTU_SCADA */,
			);
		};
/* End PBXProject section */

/* Begin PBXResourcesBuildPhase section */
		59CAB4521DDC89C600D25FA6 /* Resources */ = {
			isa = PBXResourcesBuildPhase;
			buildActionMask = 2147483647;
			files = (
				594B171A1E9CE6E600ABB072 /* tempData.csv in Resources */,
				59CAB4671DDC89C600D25FA6 /* LaunchScreen.storyboard in Resources */,
				5928BD731ECB2CB80062A842 /* housing.csv in Resources */,
				594B171C1E9CF58600ABB072 /* test.csv in Resources */,
				59CAB4641DDC89C600D25FA6 /* Assets.xcassets in Resources */,
				59CAB4621DDC89C600D25FA6 /* Main.storyboard in Resources */,
			);
			runOnlyForDeploymentPostprocessing = 0;
		};
/* End PBXResourcesBuildPhase section */

/* Begin PBXShellScriptBuildPhase section */
		0410936867A298A70E09A97C /* [CP] Copy Pods Resources */ = {
			isa = PBXShellScriptBuildPhase;
			buildActionMask = 2147483647;
			files = (
			);
			inputPaths = (
			);
			name = "[CP] Copy Pods Resources";
			outputPaths = (
			);
			runOnlyForDeploymentPostprocessing = 0;
			shellPath = /bin/sh;
			shellScript = "\"${SRCROOT}/Pods/Target Support Files/Pods-KBTU_SCADA/Pods-KBTU_SCADA-resources.sh\"\n";
			showEnvVarsInLog = 0;
		};
		04BBE5479F5B39A1E570656A /* 📦 Embed Pods Frameworks */ = {
			isa = PBXShellScriptBuildPhase;
			buildActionMask = 2147483647;
			files = (
			);
			inputPaths = (
			);
			name = "📦 Embed Pods Frameworks";
			outputPaths = (
			);
			runOnlyForDeploymentPostprocessing = 0;
			shellPath = /bin/sh;
			shellScript = "\"${SRCROOT}/Pods/Target Support Files/Pods-KBTU_SCADA/Pods-KBTU_SCADA-frameworks.sh\"\n";
			showEnvVarsInLog = 0;
		};
		052F1F0F503C224A51B32B36 /* [CP] Check Pods Manifest.lock */ = {
			isa = PBXShellScriptBuildPhase;
			buildActionMask = 2147483647;
			files = (
			);
			inputPaths = (
			);
			name = "[CP] Check Pods Manifest.lock";
			outputPaths = (
			);
			runOnlyForDeploymentPostprocessing = 0;
			shellPath = /bin/sh;
			shellScript = "diff \"${PODS_ROOT}/../Podfile.lock\" \"${PODS_ROOT}/Manifest.lock\" > /dev/null\nif [ $? != 0 ] ; then\n    # print error to STDERR\n    echo \"error: The sandbox is not in sync with the Podfile.lock. Run 'pod install' or update your CocoaPods installation.\" >&2\n    exit 1\nfi\n";
			showEnvVarsInLog = 0;
		};
		1EFED30498ED5AD6645032F9 /* [CP] Embed Pods Frameworks */ = {
			isa = PBXShellScriptBuildPhase;
			buildActionMask = 2147483647;
			files = (
			);
			inputPaths = (
			);
			name = "[CP] Embed Pods Frameworks";
			outputPaths = (
			);
			runOnlyForDeploymentPostprocessing = 0;
			shellPath = /bin/sh;
			shellScript = "\"${SRCROOT}/Pods/Target Support Files/Pods-KBTU_SCADA/Pods-KBTU_SCADA-frameworks.sh\"\n";
			showEnvVarsInLog = 0;
		};
		2FECBF996BF9B618B94C3C63 /* 📦 Check Pods Manifest.lock */ = {
			isa = PBXShellScriptBuildPhase;
			buildActionMask = 2147483647;
			files = (
			);
			inputPaths = (
			);
			name = "📦 Check Pods Manifest.lock";
			outputPaths = (
			);
			runOnlyForDeploymentPostprocessing = 0;
			shellPath = /bin/sh;
			shellScript = "diff \"${PODS_ROOT}/../Podfile.lock\" \"${PODS_ROOT}/Manifest.lock\" > /dev/null\nif [[ $? != 0 ]] ; then\n    cat << EOM\nerror: The sandbox is not in sync with the Podfile.lock. Run 'pod install' or update your CocoaPods installation.\nEOM\n    exit 1\nfi\n";
			showEnvVarsInLog = 0;
		};
		31BB5F8827566C0FEF84D55B /* 📦 Copy Pods Resources */ = {
			isa = PBXShellScriptBuildPhase;
			buildActionMask = 2147483647;
			files = (
			);
			inputPaths = (
			);
			name = "📦 Copy Pods Resources";
			outputPaths = (
			);
			runOnlyForDeploymentPostprocessing = 0;
			shellPath = /bin/sh;
			shellScript = "\"${SRCROOT}/Pods/Target Support Files/Pods-KBTU_SCADA/Pods-KBTU_SCADA-resources.sh\"\n";
			showEnvVarsInLog = 0;
		};
		A85614EF5FDD49C5F966EC6A /* [CP] Check Pods Manifest.lock */ = {
			isa = PBXShellScriptBuildPhase;
			buildActionMask = 2147483647;
			files = (
			);
			inputPaths = (
			);
			name = "[CP] Check Pods Manifest.lock";
			outputPaths = (
			);
			runOnlyForDeploymentPostprocessing = 0;
			shellPath = /bin/sh;
			shellScript = "diff \"${PODS_ROOT}/../Podfile.lock\" \"${PODS_ROOT}/Manifest.lock\" > /dev/null\nif [ $? != 0 ] ; then\n    # print error to STDERR\n    echo \"error: The sandbox is not in sync with the Podfile.lock. Run 'pod install' or update your CocoaPods installation.\" >&2\n    exit 1\nfi\n";
			showEnvVarsInLog = 0;
		};
		CC0E9072A6F27209BF1180AD /* [CP] Check Pods Manifest.lock */ = {
			isa = PBXShellScriptBuildPhase;
			buildActionMask = 2147483647;
			files = (
			);
			inputPaths = (
			);
			name = "[CP] Check Pods Manifest.lock";
			outputPaths = (
			);
			runOnlyForDeploymentPostprocessing = 0;
			shellPath = /bin/sh;
			shellScript = "diff \"${PODS_ROOT}/../Podfile.lock\" \"${PODS_ROOT}/Manifest.lock\" > /dev/null\nif [ $? != 0 ] ; then\n    # print error to STDERR\n    echo \"error: The sandbox is not in sync with the Podfile.lock. Run 'pod install' or update your CocoaPods installation.\" >&2\n    exit 1\nfi\n";
			showEnvVarsInLog = 0;
		};
/* End PBXShellScriptBuildPhase section */

/* Begin PBXSourcesBuildPhase section */
		59CAB4501DDC89C600D25FA6 /* Sources */ = {
			isa = PBXSourcesBuildPhase;
			buildActionMask = 2147483647;
			files = (
				5903156D1EB608C600BE0623 /* CHCSVParser.m in Sources */,
				59CAB45F1DDC89C600D25FA6 /* AODiscoverViewController.m in Sources */,
				5917B7A11EB60E8900AAD8CC /* AOSensorViewController.m in Sources */,
				59EFB4F31DDCA64A00FCB54A /* AOPlotViewController.m in Sources */,
				5917B79B1EB60CF500AAD8CC /* AOSensorCell.m in Sources */,
				59CAB45C1DDC89C600D25FA6 /* AppDelegate.m in Sources */,
				59018B791EC2302000B31E1D /* AOGraphView.m in Sources */,
				5917B7A41EB6131000AAD8CC /* AOAddSensorViewController.m in Sources */,
				5917B7A71EB627FF00AAD8CC /* AOStorage.m in Sources */,
				59CAB4591DDC89C600D25FA6 /* main.m in Sources */,
				C3A600CC1EB5F736002D0736 /* AOSensor.m in Sources */,
			);
			runOnlyForDeploymentPostprocessing = 0;
		};
/* End PBXSourcesBuildPhase section */

/* Begin PBXVariantGroup section */
		59CAB4601DDC89C600D25FA6 /* Main.storyboard */ = {
			isa = PBXVariantGroup;
			children = (
				59CAB4611DDC89C600D25FA6 /* Base */,
			);
			name = Main.storyboard;
			sourceTree = "<group>";
		};
		59CAB4651DDC89C600D25FA6 /* LaunchScreen.storyboard */ = {
			isa = PBXVariantGroup;
			children = (
				59CAB4661DDC89C600D25FA6 /* Base */,
			);
			name = LaunchScreen.storyboard;
			sourceTree = "<group>";
		};
/* End PBXVariantGroup section */

/* Begin XCBuildConfiguration section */
		59CAB4691DDC89C600D25FA6 /* Debug */ = {
			isa = XCBuildConfiguration;
			buildSettings = {
				ALWAYS_SEARCH_USER_PATHS = NO;
				CLANG_ANALYZER_NONNULL = YES;
				CLANG_CXX_LANGUAGE_STANDARD = "gnu++0x";
				CLANG_CXX_LIBRARY = "libc++";
				CLANG_ENABLE_MODULES = YES;
				CLANG_ENABLE_OBJC_ARC = YES;
				CLANG_WARN_BOOL_CONVERSION = YES;
				CLANG_WARN_CONSTANT_CONVERSION = YES;
				CLANG_WARN_DIRECT_OBJC_ISA_USAGE = YES_ERROR;
				CLANG_WARN_DOCUMENTATION_COMMENTS = YES;
				CLANG_WARN_EMPTY_BODY = YES;
				CLANG_WARN_ENUM_CONVERSION = YES;
				CLANG_WARN_INFINITE_RECURSION = YES;
				CLANG_WARN_INT_CONVERSION = YES;
				CLANG_WARN_OBJC_ROOT_CLASS = YES_ERROR;
				CLANG_WARN_SUSPICIOUS_MOVE = YES;
				CLANG_WARN_SUSPICIOUS_MOVES = YES;
				CLANG_WARN_UNREACHABLE_CODE = YES;
				CLANG_WARN__DUPLICATE_METHOD_MATCH = YES;
				"CODE_SIGN_IDENTITY[sdk=iphoneos*]" = "iPhone Developer";
				COPY_PHASE_STRIP = NO;
				DEBUG_INFORMATION_FORMAT = dwarf;
				ENABLE_STRICT_OBJC_MSGSEND = YES;
				ENABLE_TESTABILITY = YES;
				GCC_C_LANGUAGE_STANDARD = gnu99;
				GCC_DYNAMIC_NO_PIC = NO;
				GCC_NO_COMMON_BLOCKS = YES;
				GCC_OPTIMIZATION_LEVEL = 0;
				GCC_PREPROCESSOR_DEFINITIONS = (
					"DEBUG=1",
					"$(inherited)",
				);
				GCC_WARN_64_TO_32_BIT_CONVERSION = YES;
				GCC_WARN_ABOUT_RETURN_TYPE = YES_ERROR;
				GCC_WARN_UNDECLARED_SELECTOR = YES;
				GCC_WARN_UNINITIALIZED_AUTOS = YES_AGGRESSIVE;
				GCC_WARN_UNUSED_FUNCTION = YES;
				GCC_WARN_UNUSED_VARIABLE = YES;
				IPHONEOS_DEPLOYMENT_TARGET = 10.1;
				MTL_ENABLE_DEBUG_INFO = YES;
				ONLY_ACTIVE_ARCH = YES;
				SDKROOT = iphoneos;
			};
			name = Debug;
		};
		59CAB46A1DDC89C600D25FA6 /* Release */ = {
			isa = XCBuildConfiguration;
			buildSettings = {
				ALWAYS_SEARCH_USER_PATHS = NO;
				CLANG_ANALYZER_NONNULL = YES;
				CLANG_CXX_LANGUAGE_STANDARD = "gnu++0x";
				CLANG_CXX_LIBRARY = "libc++";
				CLANG_ENABLE_MODULES = YES;
				CLANG_ENABLE_OBJC_ARC = YES;
				CLANG_WARN_BOOL_CONVERSION = YES;
				CLANG_WARN_CONSTANT_CONVERSION = YES;
				CLANG_WARN_DIRECT_OBJC_ISA_USAGE = YES_ERROR;
				CLANG_WARN_DOCUMENTATION_COMMENTS = YES;
				CLANG_WARN_EMPTY_BODY = YES;
				CLANG_WARN_ENUM_CONVERSION = YES;
				CLANG_WARN_INFINITE_RECURSION = YES;
				CLANG_WARN_INT_CONVERSION = YES;
				CLANG_WARN_OBJC_ROOT_CLASS = YES_ERROR;
				CLANG_WARN_SUSPICIOUS_MOVE = YES;
				CLANG_WARN_SUSPICIOUS_MOVES = YES;
				CLANG_WARN_UNREACHABLE_CODE = YES;
				CLANG_WARN__DUPLICATE_METHOD_MATCH = YES;
				"CODE_SIGN_IDENTITY[sdk=iphoneos*]" = "iPhone Developer";
				COPY_PHASE_STRIP = NO;
				DEBUG_INFORMATION_FORMAT = "dwarf-with-dsym";
				ENABLE_NS_ASSERTIONS = NO;
				ENABLE_STRICT_OBJC_MSGSEND = YES;
				GCC_C_LANGUAGE_STANDARD = gnu99;
				GCC_NO_COMMON_BLOCKS = YES;
				GCC_WARN_64_TO_32_BIT_CONVERSION = YES;
				GCC_WARN_ABOUT_RETURN_TYPE = YES_ERROR;
				GCC_WARN_UNDECLARED_SELECTOR = YES;
				GCC_WARN_UNINITIALIZED_AUTOS = YES_AGGRESSIVE;
				GCC_WARN_UNUSED_FUNCTION = YES;
				GCC_WARN_UNUSED_VARIABLE = YES;
				IPHONEOS_DEPLOYMENT_TARGET = 10.1;
				MTL_ENABLE_DEBUG_INFO = NO;
				SDKROOT = iphoneos;
				VALIDATE_PRODUCT = YES;
			};
			name = Release;
		};
		59CAB46C1DDC89C600D25FA6 /* Debug */ = {
			isa = XCBuildConfiguration;
			baseConfigurationReference = F78CB1A0F7741A1D1BF59ADC /* Pods-KBTU_SCADA.debug.xcconfig */;
			buildSettings = {
				ASSETCATALOG_COMPILER_APPICON_NAME = AppIcon;
				DEVELOPMENT_TEAM = XNM36GWK3G;
				FRAMEWORK_SEARCH_PATHS = (
					"$(inherited)",
					"$(PROJECT_DIR)/YCML-master/build/Debug",
					"$(PROJECT_DIR)/KBTU_SCADA/YCML-master\\ 3/build/Debug",
					"$(PROJECT_DIR)/KBTU_SCADA/YCML-master\\ 3/build/Debug",
				);
				INFOPLIST_FILE = KBTU_SCADA/Info.plist;
				LD_RUNPATH_SEARCH_PATHS = "$(inherited) @executable_path/Frameworks";
				PRODUCT_BUNDLE_IDENTIFIER = "com.aorumbayev.KBTU-SCADA";
				PRODUCT_NAME = "$(TARGET_NAME)";
			};
			name = Debug;
		};
		59CAB46D1DDC89C600D25FA6 /* Release */ = {
			isa = XCBuildConfiguration;
			baseConfigurationReference = C66FBB5BE8AB5EA803DD7230 /* Pods-KBTU_SCADA.release.xcconfig */;
			buildSettings = {
				ASSETCATALOG_COMPILER_APPICON_NAME = AppIcon;
				DEVELOPMENT_TEAM = XNM36GWK3G;
				FRAMEWORK_SEARCH_PATHS = (
					"$(inherited)",
					"$(PROJECT_DIR)/YCML-master/build/Debug",
					"$(PROJECT_DIR)/KBTU_SCADA/YCML-master\\ 3/build/Debug",
					"$(PROJECT_DIR)/KBTU_SCADA/YCML-master\\ 3/build/Debug",
				);
				INFOPLIST_FILE = KBTU_SCADA/Info.plist;
				LD_RUNPATH_SEARCH_PATHS = "$(inherited) @executable_path/Frameworks";
				PRODUCT_BUNDLE_IDENTIFIER = "com.aorumbayev.KBTU-SCADA";
				PRODUCT_NAME = "$(TARGET_NAME)";
			};
			name = Release;
		};
/* End XCBuildConfiguration section */

/* Begin XCConfigurationList section */
		59CAB44F1DDC89C600D25FA6 /* Build configuration list for PBXProject "KBTU_SCADA" */ = {
			isa = XCConfigurationList;
			buildConfigurations = (
				59CAB4691DDC89C600D25FA6 /* Debug */,
				59CAB46A1DDC89C600D25FA6 /* Release */,
			);
			defaultConfigurationIsVisible = 0;
			defaultConfigurationName = Release;
		};
		59CAB46B1DDC89C600D25FA6 /* Build configuration list for PBXNativeTarget "KBTU_SCADA" */ = {
			isa = XCConfigurationList;
			buildConfigurations = (
				59CAB46C1DDC89C600D25FA6 /* Debug */,
				59CAB46D1DDC89C600D25FA6 /* Release */,
			);
			defaultConfigurationIsVisible = 0;
			defaultConfigurationName = Release;
		};
/* End XCConfigurationList section */
	};
	rootObject = 59CAB44C1DDC89C600D25FA6 /* Project object */;
}
